
Microsoft Visual Studio Solution File, Format Version 12.00
# Visual Studio Version 17
VisualStudioVersion = 17.9.34728.123
MinimumVisualStudioVersion = 10.0.40219.1
Project("{FAE04EC0-301F-11D3-BF4B-00C04F79EFBC}") = "2751_SortNumber2", "2751_SortNumber2\2751_SortNumber2.csproj", "{9AF74BFB-789E-4F3C-8499-25CDE8ECC132}"
EndProject
Global
	GlobalSection(SolutionConfigurationPlatforms) = preSolution
		Debug|Any CPU = Debug|Any CPU
		Release|Any CPU = Release|Any CPU
	EndGlobalSection
	GlobalSection(ProjectConfigurationPlatforms) = postSolution
		{9AF74BFB-789E-4F3C-8499-25CDE8ECC132}.Debug|Any CPU.ActiveCfg = Debug|Any CPU
		{9AF74BFB-789E-4F3C-8499-25CDE8ECC132}.Debug|Any CPU.Build.0 = Debug|Any CPU
		{9AF74BFB-789E-4F3C-8499-25CDE8ECC132}.Release|Any CPU.ActiveCfg = Release|Any CPU
		{9AF74BFB-789E-4F3C-8499-25CDE8ECC132}.Release|Any CPU.Build.0 = Release|Any CPU
	EndGlobalSection
	GlobalSection(SolutionProperties) = preSolution
		HideSolutionNode = FALSE
	EndGlobalSection
	GlobalSection(ExtensibilityGlobals) = postSolution
		SolutionGuid = {C2DEDC7C-70C2-44FA-B4F1-B50F82A7053F}
	EndGlobalSection
EndGlobal
